
Microsoft Visual Studio Solution File, Format Version 12.00
# Visual Studio Version 16
VisualStudioVersion = 16.0.30804.86
MinimumVisualStudioVersion = 10.0.40219.1
Project("{FAE04EC0-301F-11D3-BF4B-00C04F79EFBC}") = "KinectSekiro", "KinectSekiro.csproj", "{56364DAA-1285-4898-95AB-39E79A7E2F26}"
EndProject
Global
	GlobalSection(SolutionConfigurationPlatforms) = preSolution
		Debug|Any CPU = Debug|Any CPU
		Release|Any CPU = Release|Any CPU
	EndGlobalSection
	GlobalSection(ProjectConfigurationPlatforms) = postSolution
		{56364DAA-1285-4898-95AB-39E79A7E2F26}.Debug|Any CPU.ActiveCfg = Debug|Any CPU
		{56364DAA-1285-4898-95AB-39E79A7E2F26}.Debug|Any CPU.Build.0 = Debug|Any CPU
		{56364DAA-1285-4898-95AB-39E79A7E2F26}.Release|Any CPU.ActiveCfg = Release|Any CPU
		{56364DAA-1285-4898-95AB-39E79A7E2F26}.Release|Any CPU.Build.0 = Release|Any CPU
	EndGlobalSection
	GlobalSection(SolutionProperties) = preSolution
		HideSolutionNode = FALSE
	EndGlobalSection
	GlobalSection(ExtensibilityGlobals) = postSolution
		SolutionGuid = {BBEF4AFD-F9BF-4D74-AB26-FF9D49E5B785}
	EndGlobalSection
EndGlobal
